// !$*UTF8*$!
{
	archiveVersion = 1;
	classes = {
	};
	objectVersion = 54;
	objects = {

/* Begin PBXBuildFile section */
		6A49EA4F2873F66800C944A5 /* AppDelegate.swift in Sources */ = {isa = PBXBuildFile; fileRef = 6A49EA4E2873F66800C944A5 /* AppDelegate.swift */; };
		6A49EA532873F66800C944A5 /* ViewController.swift in Sources */ = {isa = PBXBuildFile; fileRef = 6A49EA522873F66800C944A5 /* ViewController.swift */; };
		6A49EA582873F66D00C944A5 /* Assets.xcassets in Resources */ = {isa = PBXBuildFile; fileRef = 6A49EA572873F66D00C944A5 /* Assets.xcassets */; };
		6A49EA5B2873F66D00C944A5 /* LaunchScreen.storyboard in Resources */ = {isa = PBXBuildFile; fileRef = 6A49EA592873F66D00C944A5 /* LaunchScreen.storyboard */; };
		6A49EA662873F66D00C944A5 /* HaloTests.swift in Sources */ = {isa = PBXBuildFile; fileRef = 6A49EA652873F66D00C944A5 /* HaloTests.swift */; };
		6A49EA702873F66D00C944A5 /* HaloUITests.swift in Sources */ = {isa = PBXBuildFile; fileRef = 6A49EA6F2873F66D00C944A5 /* HaloUITests.swift */; };
		6A49EA722873F66D00C944A5 /* HaloUITestsLaunchTests.swift in Sources */ = {isa = PBXBuildFile; fileRef = 6A49EA712873F66D00C944A5 /* HaloUITestsLaunchTests.swift */; };
		6A49EA802873FA0900C944A5 /* Core in Frameworks */ = {isa = PBXBuildFile; productRef = 6A49EA7F2873FA0900C944A5 /* Core */; };
		6A49EA832873FA3C00C944A5 /* Networking in Frameworks */ = {isa = PBXBuildFile; productRef = 6A49EA822873FA3C00C944A5 /* Networking */; };
		6A49EA862873FA5E00C944A5 /* Validator in Frameworks */ = {isa = PBXBuildFile; productRef = 6A49EA852873FA5E00C944A5 /* Validator */; };
		6A49EA892873FA8B00C944A5 /* Logger in Frameworks */ = {isa = PBXBuildFile; productRef = 6A49EA882873FA8B00C944A5 /* Logger */; };
/* End PBXBuildFile section */

/* Begin PBXContainerItemProxy section */
		6A49EA622873F66D00C944A5 /* PBXContainerItemProxy */ = {
			isa = PBXContainerItemProxy;
			containerPortal = 6A49EA432873F66800C944A5 /* Project object */;
			proxyType = 1;
			remoteGlobalIDString = 6A49EA4A2873F66800C944A5;
			remoteInfo = Halo;
		};
		6A49EA6C2873F66D00C944A5 /* PBXContainerItemProxy */ = {
			isa = PBXContainerItemProxy;
			containerPortal = 6A49EA432873F66800C944A5 /* Project object */;
			proxyType = 1;
			remoteGlobalIDString = 6A49EA4A2873F66800C944A5;
			remoteInfo = Halo;
		};
/* End PBXContainerItemProxy section */

/* Begin PBXFileReference section */
		6A49EA4B2873F66800C944A5 /* Halo.app */ = {isa = PBXFileReference; explicitFileType = wrapper.application; includeInIndex = 0; path = Halo.app; sourceTree = BUILT_PRODUCTS_DIR; };
		6A49EA4E2873F66800C944A5 /* AppDelegate.swift */ = {isa = PBXFileReference; lastKnownFileType = sourcecode.swift; path = AppDelegate.swift; sourceTree = "<group>"; };
		6A49EA522873F66800C944A5 /* ViewController.swift */ = {isa = PBXFileReference; lastKnownFileType = sourcecode.swift; path = ViewController.swift; sourceTree = "<group>"; };
		6A49EA572873F66D00C944A5 /* Assets.xcassets */ = {isa = PBXFileReference; lastKnownFileType = folder.assetcatalog; path = Assets.xcassets; sourceTree = "<group>"; };
		6A49EA5A2873F66D00C944A5 /* Base */ = {isa = PBXFileReference; lastKnownFileType = file.storyboard; name = Base; path = Base.lproj/LaunchScreen.storyboard; sourceTree = "<group>"; };
		6A49EA5C2873F66D00C944A5 /* Info.plist */ = {isa = PBXFileReference; lastKnownFileType = text.plist.xml; path = Info.plist; sourceTree = "<group>"; };
		6A49EA612873F66D00C944A5 /* HaloTests.xctest */ = {isa = PBXFileReference; explicitFileType = wrapper.cfbundle; includeInIndex = 0; path = HaloTests.xctest; sourceTree = BUILT_PRODUCTS_DIR; };
		6A49EA652873F66D00C944A5 /* HaloTests.swift */ = {isa = PBXFileReference; lastKnownFileType = sourcecode.swift; path = HaloTests.swift; sourceTree = "<group>"; };
		6A49EA6B2873F66D00C944A5 /* HaloUITests.xctest */ = {isa = PBXFileReference; explicitFileType = wrapper.cfbundle; includeInIndex = 0; path = HaloUITests.xctest; sourceTree = BUILT_PRODUCTS_DIR; };
		6A49EA6F2873F66D00C944A5 /* HaloUITests.swift */ = {isa = PBXFileReference; lastKnownFileType = sourcecode.swift; path = HaloUITests.swift; sourceTree = "<group>"; };
		6A49EA712873F66D00C944A5 /* HaloUITestsLaunchTests.swift */ = {isa = PBXFileReference; lastKnownFileType = sourcecode.swift; path = HaloUITestsLaunchTests.swift; sourceTree = "<group>"; };
/* End PBXFileReference section */

/* Begin PBXFrameworksBuildPhase section */
		6A49EA482873F66800C944A5 /* Frameworks */ = {
			isa = PBXFrameworksBuildPhase;
			buildActionMask = 2147483647;
			files = (
				6A49EA832873FA3C00C944A5 /* Networking in Frameworks */,
				6A49EA802873FA0900C944A5 /* Core in Frameworks */,
				6A49EA892873FA8B00C944A5 /* Logger in Frameworks */,
				6A49EA862873FA5E00C944A5 /* Validator in Frameworks */,
			);
			runOnlyForDeploymentPostprocessing = 0;
		};
		6A49EA5E2873F66D00C944A5 /* Frameworks */ = {
			isa = PBXFrameworksBuildPhase;
			buildActionMask = 2147483647;
			files = (
			);
			runOnlyForDeploymentPostprocessing = 0;
		};
		6A49EA682873F66D00C944A5 /* Frameworks */ = {
			isa = PBXFrameworksBuildPhase;
			buildActionMask = 2147483647;
			files = (
			);
			runOnlyForDeploymentPostprocessing = 0;
		};
/* End PBXFrameworksBuildPhase section */

/* Begin PBXGroup section */
		6A49EA422873F66800C944A5 = {
			isa = PBXGroup;
			children = (
				6A49EA4D2873F66800C944A5 /* Halo */,
				6A49EA642873F66D00C944A5 /* HaloTests */,
				6A49EA6E2873F66D00C944A5 /* HaloUITests */,
				6A49EA4C2873F66800C944A5 /* Products */,
			);
			sourceTree = "<group>";
		};
		6A49EA4C2873F66800C944A5 /* Products */ = {
			isa = PBXGroup;
			children = (
				6A49EA4B2873F66800C944A5 /* Halo.app */,
				6A49EA612873F66D00C944A5 /* HaloTests.xctest */,
				6A49EA6B2873F66D00C944A5 /* HaloUITests.xctest */,
			);
			name = Products;
			sourceTree = "<group>";
		};
		6A49EA4D2873F66800C944A5 /* Halo */ = {
			isa = PBXGroup;
			children = (
				6A49EA952873FBBF00C944A5 /* Assets */,
				6A49EA942873FBB300C944A5 /* Validator */,
				6A49EA932873FBAC00C944A5 /* Networking */,
				6A49EA922873FBA000C944A5 /* Models */,
				6A49EA912873FB8800C944A5 /* Modules */,
				6A49EA902873FB7500C944A5 /* Managers */,
				6A49EA8F2873FB6B00C944A5 /* Helper */,
				6A49EA8E2873FB5E00C944A5 /* Localization */,
				6A49EA8D2873FB4300C944A5 /* Extension */,
				6A49EA8C2873FB3600C944A5 /* Config */,
				6A49EA8B2873FB2D00C944A5 /* Common */,
				6A49EA8A2873FB1000C944A5 /* AppRoutes */,
				6A49EA4E2873F66800C944A5 /* AppDelegate.swift */,
				6A49EA522873F66800C944A5 /* ViewController.swift */,
				6A49EA572873F66D00C944A5 /* Assets.xcassets */,
				6A49EA592873F66D00C944A5 /* LaunchScreen.storyboard */,
				6A49EA5C2873F66D00C944A5 /* Info.plist */,
			);
			path = Halo;
			sourceTree = "<group>";
		};
		6A49EA642873F66D00C944A5 /* HaloTests */ = {
			isa = PBXGroup;
			children = (
				6A49EA652873F66D00C944A5 /* HaloTests.swift */,
			);
			path = HaloTests;
			sourceTree = "<group>";
		};
		6A49EA6E2873F66D00C944A5 /* HaloUITests */ = {
			isa = PBXGroup;
			children = (
				6A49EA6F2873F66D00C944A5 /* HaloUITests.swift */,
				6A49EA712873F66D00C944A5 /* HaloUITestsLaunchTests.swift */,
			);
			path = HaloUITests;
			sourceTree = "<group>";
		};
		6A49EA8A2873FB1000C944A5 /* AppRoutes */ = {
			isa = PBXGroup;
			children = (
			);
			path = AppRoutes;
			sourceTree = "<group>";
		};
		6A49EA8B2873FB2D00C944A5 /* Common */ = {
			isa = PBXGroup;
			children = (
			);
			path = Common;
			sourceTree = "<group>";
		};
		6A49EA8C2873FB3600C944A5 /* Config */ = {
			isa = PBXGroup;
			children = (
			);
			path = Config;
			sourceTree = "<group>";
		};
		6A49EA8D2873FB4300C944A5 /* Extension */ = {
			isa = PBXGroup;
			children = (
			);
			path = Extension;
			sourceTree = "<group>";
		};
		6A49EA8E2873FB5E00C944A5 /* Localization */ = {
			isa = PBXGroup;
			children = (
			);
			path = Localization;
			sourceTree = "<group>";
		};
		6A49EA8F2873FB6B00C944A5 /* Helper */ = {
			isa = PBXGroup;
			children = (
			);
			path = Helper;
			sourceTree = "<group>";
		};
		6A49EA902873FB7500C944A5 /* Managers */ = {
			isa = PBXGroup;
			children = (
			);
			path = Managers;
			sourceTree = "<group>";
		};
		6A49EA912873FB8800C944A5 /* Modules */ = {
			isa = PBXGroup;
			children = (
			);
			path = Modules;
			sourceTree = "<group>";
		};
		6A49EA922873FBA000C944A5 /* Models */ = {
			isa = PBXGroup;
			children = (
			);
			path = Models;
			sourceTree = "<group>";
		};
		6A49EA932873FBAC00C944A5 /* Networking */ = {
			isa = PBXGroup;
			children = (
			);
			path = Networking;
			sourceTree = "<group>";
		};
		6A49EA942873FBB300C944A5 /* Validator */ = {
			isa = PBXGroup;
			children = (
			);
			path = Validator;
			sourceTree = "<group>";
		};
		6A49EA952873FBBF00C944A5 /* Assets */ = {
			isa = PBXGroup;
			children = (
			);
			path = Assets;
			sourceTree = "<group>";
		};
/* End PBXGroup section */

/* Begin PBXNativeTarget section */
		6A49EA4A2873F66800C944A5 /* Halo */ = {
			isa = PBXNativeTarget;
			buildConfigurationList = 6A49EA752873F66D00C944A5 /* Build configuration list for PBXNativeTarget "Halo" */;
			buildPhases = (
				6A49EA472873F66800C944A5 /* Sources */,
				6A49EA482873F66800C944A5 /* Frameworks */,
				6A49EA492873F66800C944A5 /* Resources */,
			);
			buildRules = (
			);
			dependencies = (
			);
			name = Halo;
			packageProductDependencies = (
				6A49EA7F2873FA0900C944A5 /* Core */,
				6A49EA822873FA3C00C944A5 /* Networking */,
				6A49EA852873FA5E00C944A5 /* Validator */,
				6A49EA882873FA8B00C944A5 /* Logger */,
			);
			productName = Halo;
			productReference = 6A49EA4B2873F66800C944A5 /* Halo.app */;
			productType = "com.apple.product-type.application";
		};
		6A49EA602873F66D00C944A5 /* HaloTests */ = {
			isa = PBXNativeTarget;
			buildConfigurationList = 6A49EA782873F66D00C944A5 /* Build configuration list for PBXNativeTarget "HaloTests" */;
			buildPhases = (
				6A49EA5D2873F66D00C944A5 /* Sources */,
				6A49EA5E2873F66D00C944A5 /* Frameworks */,
				6A49EA5F2873F66D00C944A5 /* Resources */,
			);
			buildRules = (
			);
			dependencies = (
				6A49EA632873F66D00C944A5 /* PBXTargetDependency */,
			);
			name = HaloTests;
			productName = HaloTests;
			productReference = 6A49EA612873F66D00C944A5 /* HaloTests.xctest */;
			productType = "com.apple.product-type.bundle.unit-test";
		};
		6A49EA6A2873F66D00C944A5 /* HaloUITests */ = {
			isa = PBXNativeTarget;
			buildConfigurationList = 6A49EA7B2873F66D00C944A5 /* Build configuration list for PBXNativeTarget "HaloUITests" */;
			buildPhases = (
				6A49EA672873F66D00C944A5 /* Sources */,
				6A49EA682873F66D00C944A5 /* Frameworks */,
				6A49EA692873F66D00C944A5 /* Resources */,
			);
			buildRules = (
			);
			dependencies = (
				6A49EA6D2873F66D00C944A5 /* PBXTargetDependency */,
			);
			name = HaloUITests;
			productName = HaloUITests;
			productReference = 6A49EA6B2873F66D00C944A5 /* HaloUITests.xctest */;
			productType = "com.apple.product-type.bundle.ui-testing";
		};
/* End PBXNativeTarget section */

/* Begin PBXProject section */
		6A49EA432873F66800C944A5 /* Project object */ = {
			isa = PBXProject;
			attributes = {
				BuildIndependentTargetsInParallel = 1;
				LastSwiftUpdateCheck = 1330;
				LastUpgradeCheck = 1330;
				TargetAttributes = {
					6A49EA4A2873F66800C944A5 = {
						CreatedOnToolsVersion = 13.3.1;
					};
					6A49EA602873F66D00C944A5 = {
						CreatedOnToolsVersion = 13.3.1;
						TestTargetID = 6A49EA4A2873F66800C944A5;
					};
					6A49EA6A2873F66D00C944A5 = {
						CreatedOnToolsVersion = 13.3.1;
						TestTargetID = 6A49EA4A2873F66800C944A5;
					};
				};
			};
			buildConfigurationList = 6A49EA462873F66800C944A5 /* Build configuration list for PBXProject "Halo" */;
			compatibilityVersion = "Xcode 12.0";
			developmentRegion = en;
			hasScannedForEncodings = 0;
			knownRegions = (
				en,
				Base,
			);
			mainGroup = 6A49EA422873F66800C944A5;
			packageReferences = (
				6A49EA7E2873FA0900C944A5 /* XCRemoteSwiftPackageReference "core" */,
				6A49EA812873FA3C00C944A5 /* XCRemoteSwiftPackageReference "networking" */,
				6A49EA842873FA5E00C944A5 /* XCRemoteSwiftPackageReference "validator" */,
				6A49EA872873FA8B00C944A5 /* XCRemoteSwiftPackageReference "logger" */,
			);
			productRefGroup = 6A49EA4C2873F66800C944A5 /* Products */;
			projectDirPath = "";
			projectRoot = "";
			targets = (
				6A49EA4A2873F66800C944A5 /* Halo */,
				6A49EA602873F66D00C944A5 /* HaloTests */,
				6A49EA6A2873F66D00C944A5 /* HaloUITests */,
			);
		};
/* End PBXProject section */

/* Begin PBXResourcesBuildPhase section */
		6A49EA492873F66800C944A5 /* Resources */ = {
			isa = PBXResourcesBuildPhase;
			buildActionMask = 2147483647;
			files = (
				6A49EA5B2873F66D00C944A5 /* LaunchScreen.storyboard in Resources */,
				6A49EA582873F66D00C944A5 /* Assets.xcassets in Resources */,
			);
			runOnlyForDeploymentPostprocessing = 0;
		};
		6A49EA5F2873F66D00C944A5 /* Resources */ = {
			isa = PBXResourcesBuildPhase;
			buildActionMask = 2147483647;
			files = (
			);
			runOnlyForDeploymentPostprocessing = 0;
		};
		6A49EA692873F66D00C944A5 /* Resources */ = {
			isa = PBXResourcesBuildPhase;
			buildActionMask = 2147483647;
			files = (
			);
			runOnlyForDeploymentPostprocessing = 0;
		};
/* End PBXResourcesBuildPhase section */

/* Begin PBXSourcesBuildPhase section */
		6A49EA472873F66800C944A5 /* Sources */ = {
			isa = PBXSourcesBuildPhase;
			buildActionMask = 2147483647;
			files = (
				6A49EA532873F66800C944A5 /* ViewController.swift in Sources */,
				6A49EA4F2873F66800C944A5 /* AppDelegate.swift in Sources */,
			);
			runOnlyForDeploymentPostprocessing = 0;
		};
		6A49EA5D2873F66D00C944A5 /* Sources */ = {
			isa = PBXSourcesBuildPhase;
			buildActionMask = 2147483647;
			files = (
				6A49EA662873F66D00C944A5 /* HaloTests.swift in Sources */,
			);
			runOnlyForDeploymentPostprocessing = 0;
		};
		6A49EA672873F66D00C944A5 /* Sources */ = {
			isa = PBXSourcesBuildPhase;
			buildActionMask = 2147483647;
			files = (
				6A49EA722873F66D00C944A5 /* HaloUITestsLaunchTests.swift in Sources */,
				6A49EA702873F66D00C944A5 /* HaloUITests.swift in Sources */,
			);
			runOnlyForDeploymentPostprocessing = 0;
		};
/* End PBXSourcesBuildPhase section */

/* Begin PBXTargetDependency section */
		6A49EA632873F66D00C944A5 /* PBXTargetDependency */ = {
			isa = PBXTargetDependency;
			target = 6A49EA4A2873F66800C944A5 /* Halo */;
			targetProxy = 6A49EA622873F66D00C944A5 /* PBXContainerItemProxy */;
		};
		6A49EA6D2873F66D00C944A5 /* PBXTargetDependency */ = {
			isa = PBXTargetDependency;
			target = 6A49EA4A2873F66800C944A5 /* Halo */;
			targetProxy = 6A49EA6C2873F66D00C944A5 /* PBXContainerItemProxy */;
		};
/* End PBXTargetDependency section */

/* Begin PBXVariantGroup section */
		6A49EA592873F66D00C944A5 /* LaunchScreen.storyboard */ = {
			isa = PBXVariantGroup;
			children = (
				6A49EA5A2873F66D00C944A5 /* Base */,
			);
			name = LaunchScreen.storyboard;
			sourceTree = "<group>";
		};
/* End PBXVariantGroup section */

/* Begin XCBuildConfiguration section */
		6A49EA732873F66D00C944A5 /* Debug */ = {
			isa = XCBuildConfiguration;
			buildSettings = {
				ALWAYS_SEARCH_USER_PATHS = NO;
				CLANG_ANALYZER_NONNULL = YES;
				CLANG_ANALYZER_NUMBER_OBJECT_CONVERSION = YES_AGGRESSIVE;
				CLANG_CXX_LANGUAGE_STANDARD = "gnu++17";
				CLANG_ENABLE_MODULES = YES;
				CLANG_ENABLE_OBJC_ARC = YES;
				CLANG_ENABLE_OBJC_WEAK = YES;
				CLANG_WARN_BLOCK_CAPTURE_AUTORELEASING = YES;
				CLANG_WARN_BOOL_CONVERSION = YES;
				CLANG_WARN_COMMA = YES;
				CLANG_WARN_CONSTANT_CONVERSION = YES;
				CLANG_WARN_DEPRECATED_OBJC_IMPLEMENTATIONS = YES;
				CLANG_WARN_DIRECT_OBJC_ISA_USAGE = YES_ERROR;
				CLANG_WARN_DOCUMENTATION_COMMENTS = YES;
				CLANG_WARN_EMPTY_BODY = YES;
				CLANG_WARN_ENUM_CONVERSION = YES;
				CLANG_WARN_INFINITE_RECURSION = YES;
				CLANG_WARN_INT_CONVERSION = YES;
				CLANG_WARN_NON_LITERAL_NULL_CONVERSION = YES;
				CLANG_WARN_OBJC_IMPLICIT_RETAIN_SELF = YES;
				CLANG_WARN_OBJC_LITERAL_CONVERSION = YES;
				CLANG_WARN_OBJC_ROOT_CLASS = YES_ERROR;
				CLANG_WARN_QUOTED_INCLUDE_IN_FRAMEWORK_HEADER = YES;
				CLANG_WARN_RANGE_LOOP_ANALYSIS = YES;
				CLANG_WARN_STRICT_PROTOTYPES = YES;
				CLANG_WARN_SUSPICIOUS_MOVE = YES;
				CLANG_WARN_UNGUARDED_AVAILABILITY = YES_AGGRESSIVE;
				CLANG_WARN_UNREACHABLE_CODE = YES;
				CLANG_WARN__DUPLICATE_METHOD_MATCH = YES;
				COPY_PHASE_STRIP = NO;
				DEBUG_INFORMATION_FORMAT = dwarf;
				ENABLE_STRICT_OBJC_MSGSEND = YES;
				ENABLE_TESTABILITY = YES;
				GCC_C_LANGUAGE_STANDARD = gnu11;
				GCC_DYNAMIC_NO_PIC = NO;
				GCC_NO_COMMON_BLOCKS = YES;
				GCC_OPTIMIZATION_LEVEL = 0;
				GCC_PREPROCESSOR_DEFINITIONS = (
					"DEBUG=1",
					"$(inherited)",
				);
				GCC_WARN_64_TO_32_BIT_CONVERSION = YES;
				GCC_WARN_ABOUT_RETURN_TYPE = YES_ERROR;
				GCC_WARN_UNDECLARED_SELECTOR = YES;
				GCC_WARN_UNINITIALIZED_AUTOS = YES_AGGRESSIVE;
				GCC_WARN_UNUSED_FUNCTION = YES;
				GCC_WARN_UNUSED_VARIABLE = YES;
				IPHONEOS_DEPLOYMENT_TARGET = 13.0;
				MTL_ENABLE_DEBUG_INFO = INCLUDE_SOURCE;
				MTL_FAST_MATH = YES;
				ONLY_ACTIVE_ARCH = YES;
				SDKROOT = iphoneos;
				SWIFT_ACTIVE_COMPILATION_CONDITIONS = DEBUG;
				SWIFT_OPTIMIZATION_LEVEL = "-Onone";
			};
			name = Debug;
		};
		6A49EA742873F66D00C944A5 /* Release */ = {
			isa = XCBuildConfiguration;
			buildSettings = {
				ALWAYS_SEARCH_USER_PATHS = NO;
				CLANG_ANALYZER_NONNULL = YES;
				CLANG_ANALYZER_NUMBER_OBJECT_CONVERSION = YES_AGGRESSIVE;
				CLANG_CXX_LANGUAGE_STANDARD = "gnu++17";
				CLANG_ENABLE_MODULES = YES;
				CLANG_ENABLE_OBJC_ARC = YES;
				CLANG_ENABLE_OBJC_WEAK = YES;
				CLANG_WARN_BLOCK_CAPTURE_AUTORELEASING = YES;
				CLANG_WARN_BOOL_CONVERSION = YES;
				CLANG_WARN_COMMA = YES;
				CLANG_WARN_CONSTANT_CONVERSION = YES;
				CLANG_WARN_DEPRECATED_OBJC_IMPLEMENTATIONS = YES;
				CLANG_WARN_DIRECT_OBJC_ISA_USAGE = YES_ERROR;
				CLANG_WARN_DOCUMENTATION_COMMENTS = YES;
				CLANG_WARN_EMPTY_BODY = YES;
				CLANG_WARN_ENUM_CONVERSION = YES;
				CLANG_WARN_INFINITE_RECURSION = YES;
				CLANG_WARN_INT_CONVERSION = YES;
				CLANG_WARN_NON_LITERAL_NULL_CONVERSION = YES;
				CLANG_WARN_OBJC_IMPLICIT_RETAIN_SELF = YES;
				CLANG_WARN_OBJC_LITERAL_CONVERSION = YES;
				CLANG_WARN_OBJC_ROOT_CLASS = YES_ERROR;
				CLANG_WARN_QUOTED_INCLUDE_IN_FRAMEWORK_HEADER = YES;
				CLANG_WARN_RANGE_LOOP_ANALYSIS = YES;
				CLANG_WARN_STRICT_PROTOTYPES = YES;
				CLANG_WARN_SUSPICIOUS_MOVE = YES;
				CLANG_WARN_UNGUARDED_AVAILABILITY = YES_AGGRESSIVE;
				CLANG_WARN_UNREACHABLE_CODE = YES;
				CLANG_WARN__DUPLICATE_METHOD_MATCH = YES;
				COPY_PHASE_STRIP = NO;
				DEBUG_INFORMATION_FORMAT = "dwarf-with-dsym";
				ENABLE_NS_ASSERTIONS = NO;
				ENABLE_STRICT_OBJC_MSGSEND = YES;
				GCC_C_LANGUAGE_STANDARD = gnu11;
				GCC_NO_COMMON_BLOCKS = YES;
				GCC_WARN_64_TO_32_BIT_CONVERSION = YES;
				GCC_WARN_ABOUT_RETURN_TYPE = YES_ERROR;
				GCC_WARN_UNDECLARED_SELECTOR = YES;
				GCC_WARN_UNINITIALIZED_AUTOS = YES_AGGRESSIVE;
				GCC_WARN_UNUSED_FUNCTION = YES;
				GCC_WARN_UNUSED_VARIABLE = YES;
				IPHONEOS_DEPLOYMENT_TARGET = 13.0;
				MTL_ENABLE_DEBUG_INFO = NO;
				MTL_FAST_MATH = YES;
				SDKROOT = iphoneos;
				SWIFT_COMPILATION_MODE = wholemodule;
				SWIFT_OPTIMIZATION_LEVEL = "-O";
				VALIDATE_PRODUCT = YES;
			};
			name = Release;
		};
		6A49EA762873F66D00C944A5 /* Debug */ = {
			isa = XCBuildConfiguration;
			buildSettings = {
				ASSETCATALOG_COMPILER_APPICON_NAME = AppIcon;
				ASSETCATALOG_COMPILER_GLOBAL_ACCENT_COLOR_NAME = AccentColor;
				CODE_SIGN_STYLE = Automatic;
				CURRENT_PROJECT_VERSION = 1;
				GENERATE_INFOPLIST_FILE = YES;
				INFOPLIST_FILE = Halo/Info.plist;
				INFOPLIST_KEY_UIApplicationSupportsIndirectInputEvents = YES;
				INFOPLIST_KEY_UILaunchStoryboardName = LaunchScreen;
				INFOPLIST_KEY_UISupportedInterfaceOrientations_iPad = "UIInterfaceOrientationPortrait UIInterfaceOrientationPortraitUpsideDown UIInterfaceOrientationLandscapeLeft UIInterfaceOrientationLandscapeRight";
				INFOPLIST_KEY_UISupportedInterfaceOrientations_iPhone = "UIInterfaceOrientationPortrait UIInterfaceOrientationLandscapeLeft UIInterfaceOrientationLandscapeRight";
				IPHONEOS_DEPLOYMENT_TARGET = 13.0;
				LD_RUNPATH_SEARCH_PATHS = (
					"$(inherited)",
					"@executable_path/Frameworks",
				);
				MARKETING_VERSION = 1.0;
				PRODUCT_BUNDLE_IDENTIFIER = com.ebpearls.Halo;
				PRODUCT_NAME = "$(TARGET_NAME)";
				SWIFT_EMIT_LOC_STRINGS = YES;
				SWIFT_VERSION = 5.0;
				TARGETED_DEVICE_FAMILY = "1,2";
			};
			name = Debug;
		};
		6A49EA772873F66D00C944A5 /* Release */ = {
			isa = XCBuildConfiguration;
			buildSettings = {
				ASSETCATALOG_COMPILER_APPICON_NAME = AppIcon;
				ASSETCATALOG_COMPILER_GLOBAL_ACCENT_COLOR_NAME = AccentColor;
				CODE_SIGN_STYLE = Automatic;
				CURRENT_PROJECT_VERSION = 1;
				GENERATE_INFOPLIST_FILE = YES;
				INFOPLIST_FILE = Halo/Info.plist;
				INFOPLIST_KEY_UIApplicationSupportsIndirectInputEvents = YES;
				INFOPLIST_KEY_UILaunchStoryboardName = LaunchScreen;
				INFOPLIST_KEY_UISupportedInterfaceOrientations_iPad = "UIInterfaceOrientationPortrait UIInterfaceOrientationPortraitUpsideDown UIInterfaceOrientationLandscapeLeft UIInterfaceOrientationLandscapeRight";
				INFOPLIST_KEY_UISupportedInterfaceOrientations_iPhone = "UIInterfaceOrientationPortrait UIInterfaceOrientationLandscapeLeft UIInterfaceOrientationLandscapeRight";
				IPHONEOS_DEPLOYMENT_TARGET = 13.0;
				LD_RUNPATH_SEARCH_PATHS = (
					"$(inherited)",
					"@executable_path/Frameworks",
				);
				MARKETING_VERSION = 1.0;
				PRODUCT_BUNDLE_IDENTIFIER = com.ebpearls.Halo;
				PRODUCT_NAME = "$(TARGET_NAME)";
				SWIFT_EMIT_LOC_STRINGS = YES;
				SWIFT_VERSION = 5.0;
				TARGETED_DEVICE_FAMILY = "1,2";
			};
			name = Release;
		};
		6A49EA792873F66D00C944A5 /* Debug */ = {
			isa = XCBuildConfiguration;
			buildSettings = {
				ALWAYS_EMBED_SWIFT_STANDARD_LIBRARIES = YES;
				BUNDLE_LOADER = "$(TEST_HOST)";
				CODE_SIGN_STYLE = Automatic;
				CURRENT_PROJECT_VERSION = 1;
				GENERATE_INFOPLIST_FILE = YES;
				IPHONEOS_DEPLOYMENT_TARGET = 15.4;
				MARKETING_VERSION = 1.0;
				PRODUCT_BUNDLE_IDENTIFIER = com.ebpearls.HaloTests;
				PRODUCT_NAME = "$(TARGET_NAME)";
				SWIFT_EMIT_LOC_STRINGS = NO;
				SWIFT_VERSION = 5.0;
				TARGETED_DEVICE_FAMILY = "1,2";
				TEST_HOST = "$(BUILT_PRODUCTS_DIR)/Halo.app/Halo";
			};
			name = Debug;
		};
		6A49EA7A2873F66D00C944A5 /* Release */ = {
			isa = XCBuildConfiguration;
			buildSettings = {
				ALWAYS_EMBED_SWIFT_STANDARD_LIBRARIES = YES;
				BUNDLE_LOADER = "$(TEST_HOST)";
				CODE_SIGN_STYLE = Automatic;
				CURRENT_PROJECT_VERSION = 1;
				GENERATE_INFOPLIST_FILE = YES;
				IPHONEOS_DEPLOYMENT_TARGET = 15.4;
				MARKETING_VERSION = 1.0;
				PRODUCT_BUNDLE_IDENTIFIER = com.ebpearls.HaloTests;
				PRODUCT_NAME = "$(TARGET_NAME)";
				SWIFT_EMIT_LOC_STRINGS = NO;
				SWIFT_VERSION = 5.0;
				TARGETED_DEVICE_FAMILY = "1,2";
				TEST_HOST = "$(BUILT_PRODUCTS_DIR)/Halo.app/Halo";
			};
			name = Release;
		};
		6A49EA7C2873F66D00C944A5 /* Debug */ = {
			isa = XCBuildConfiguration;
			buildSettings = {
				ALWAYS_EMBED_SWIFT_STANDARD_LIBRARIES = YES;
				CODE_SIGN_STYLE = Automatic;
				CURRENT_PROJECT_VERSION = 1;
				GENERATE_INFOPLIST_FILE = YES;
				MARKETING_VERSION = 1.0;
				PRODUCT_BUNDLE_IDENTIFIER = com.ebpearls.HaloUITests;
				PRODUCT_NAME = "$(TARGET_NAME)";
				SWIFT_EMIT_LOC_STRINGS = NO;
				SWIFT_VERSION = 5.0;
				TARGETED_DEVICE_FAMILY = "1,2";
				TEST_TARGET_NAME = Halo;
			};
			name = Debug;
		};
		6A49EA7D2873F66D00C944A5 /* Release */ = {
			isa = XCBuildConfiguration;
			buildSettings = {
				ALWAYS_EMBED_SWIFT_STANDARD_LIBRARIES = YES;
				CODE_SIGN_STYLE = Automatic;
				CURRENT_PROJECT_VERSION = 1;
				GENERATE_INFOPLIST_FILE = YES;
				MARKETING_VERSION = 1.0;
				PRODUCT_BUNDLE_IDENTIFIER = com.ebpearls.HaloUITests;
				PRODUCT_NAME = "$(TARGET_NAME)";
				SWIFT_EMIT_LOC_STRINGS = NO;
				SWIFT_VERSION = 5.0;
				TARGETED_DEVICE_FAMILY = "1,2";
				TEST_TARGET_NAME = Halo;
			};
			name = Release;
		};
/* End XCBuildConfiguration section */

/* Begin XCConfigurationList section */
		6A49EA462873F66800C944A5 /* Build configuration list for PBXProject "Halo" */ = {
			isa = XCConfigurationList;
			buildConfigurations = (
				6A49EA732873F66D00C944A5 /* Debug */,
				6A49EA742873F66D00C944A5 /* Release */,
			);
			defaultConfigurationIsVisible = 0;
			defaultConfigurationName = Release;
		};
		6A49EA752873F66D00C944A5 /* Build configuration list for PBXNativeTarget "Halo" */ = {
			isa = XCConfigurationList;
			buildConfigurations = (
				6A49EA762873F66D00C944A5 /* Debug */,
				6A49EA772873F66D00C944A5 /* Release */,
			);
			defaultConfigurationIsVisible = 0;
			defaultConfigurationName = Release;
		};
		6A49EA782873F66D00C944A5 /* Build configuration list for PBXNativeTarget "HaloTests" */ = {
			isa = XCConfigurationList;
			buildConfigurations = (
				6A49EA792873F66D00C944A5 /* Debug */,
				6A49EA7A2873F66D00C944A5 /* Release */,
			);
			defaultConfigurationIsVisible = 0;
			defaultConfigurationName = Release;
		};
		6A49EA7B2873F66D00C944A5 /* Build configuration list for PBXNativeTarget "HaloUITests" */ = {
			isa = XCConfigurationList;
			buildConfigurations = (
				6A49EA7C2873F66D00C944A5 /* Debug */,
				6A49EA7D2873F66D00C944A5 /* Release */,
			);
			defaultConfigurationIsVisible = 0;
			defaultConfigurationName = Release;
		};
/* End XCConfigurationList section */

/* Begin XCRemoteSwiftPackageReference section */
		6A49EA7E2873FA0900C944A5 /* XCRemoteSwiftPackageReference "core" */ = {
			isa = XCRemoteSwiftPackageReference;
			repositoryURL = "https://git.ebpearls.com/app-packages/core.git";
			requirement = {
				kind = upToNextMajorVersion;
				minimumVersion = 1.0.0;
			};
		};
		6A49EA812873FA3C00C944A5 /* XCRemoteSwiftPackageReference "networking" */ = {
			isa = XCRemoteSwiftPackageReference;
			repositoryURL = "https://git.ebpearls.com/app-packages/networking.git";
			requirement = {
				kind = upToNextMajorVersion;
				minimumVersion = 0.0.9;
			};
		};
		6A49EA842873FA5E00C944A5 /* XCRemoteSwiftPackageReference "validator" */ = {
			isa = XCRemoteSwiftPackageReference;
			repositoryURL = "https://git.ebpearls.com/app-packages/validator.git";
			requirement = {
				kind = upToNextMajorVersion;
				minimumVersion = 0.0.8;
			};
		};
		6A49EA872873FA8B00C944A5 /* XCRemoteSwiftPackageReference "logger" */ = {
			isa = XCRemoteSwiftPackageReference;
			repositoryURL = "https://git.ebpearls.com/app-packages/logger.git";
			requirement = {
				kind = upToNextMajorVersion;
				minimumVersion = 0.0.6;
			};
		};
/* End XCRemoteSwiftPackageReference section */

/* Begin XCSwiftPackageProductDependency section */
		6A49EA7F2873FA0900C944A5 /* Core */ = {
			isa = XCSwiftPackageProductDependency;
			package = 6A49EA7E2873FA0900C944A5 /* XCRemoteSwiftPackageReference "core" */;
			productName = Core;
		};
		6A49EA822873FA3C00C944A5 /* Networking */ = {
			isa = XCSwiftPackageProductDependency;
			package = 6A49EA812873FA3C00C944A5 /* XCRemoteSwiftPackageReference "networking" */;
			productName = Networking;
		};
		6A49EA852873FA5E00C944A5 /* Validator */ = {
			isa = XCSwiftPackageProductDependency;
			package = 6A49EA842873FA5E00C944A5 /* XCRemoteSwiftPackageReference "validator" */;
			productName = Validator;
		};
		6A49EA882873FA8B00C944A5 /* Logger */ = {
			isa = XCSwiftPackageProductDependency;
			package = 6A49EA872873FA8B00C944A5 /* XCRemoteSwiftPackageReference "logger" */;
			productName = Logger;
		};
/* End XCSwiftPackageProductDependency section */
	};
	rootObject = 6A49EA432873F66800C944A5 /* Project object */;
}
